// !$*UTF8*$!
{
	archiveVersion = 1;
	classes = {
	};
	objectVersion = 50;
	objects = {

/* Begin PBXBuildFile section */
		75D7D70B20EB5B5500BF8268 /* AppDelegate.m in Sources */ = {isa = PBXBuildFile; fileRef = 75D7D70A20EB5B5500BF8268 /* AppDelegate.m */; };
		75D7D70E20EB5B5500BF8268 /* ViewController.m in Sources */ = {isa = PBXBuildFile; fileRef = 75D7D70D20EB5B5500BF8268 /* ViewController.m */; };
		75D7D71920EB5B5800BF8268 /* main.m in Sources */ = {isa = PBXBuildFile; fileRef = 75D7D71820EB5B5800BF8268 /* main.m */; };
		75D7D72120EB5C0F00BF8268 /* Launch.xcassets in Resources */ = {isa = PBXBuildFile; fileRef = 75D7D72020EB5C0F00BF8268 /* Launch.xcassets */; };
		75D7D73A20EB629500BF8268 /* DDButtonChainModel.m in Sources */ = {isa = PBXBuildFile; fileRef = 75D7D72720EB629500BF8268 /* DDButtonChainModel.m */; };
		75D7D73B20EB629500BF8268 /* DDViewChainModel.m in Sources */ = {isa = PBXBuildFile; fileRef = 75D7D72820EB629500BF8268 /* DDViewChainModel.m */; };
		75D7D73C20EB629500BF8268 /* DDLabelChainModel.m in Sources */ = {isa = PBXBuildFile; fileRef = 75D7D72A20EB629500BF8268 /* DDLabelChainModel.m */; };
		75D7D73D20EB629500BF8268 /* DDSwitchChainModel.m in Sources */ = {isa = PBXBuildFile; fileRef = 75D7D72C20EB629500BF8268 /* DDSwitchChainModel.m */; };
		75D7D73E20EB629500BF8268 /* DDImageViewChainModel.m in Sources */ = {isa = PBXBuildFile; fileRef = 75D7D72D20EB629500BF8268 /* DDImageViewChainModel.m */; };
		75D7D73F20EB629500BF8268 /* DDTextViewChainModel.m in Sources */ = {isa = PBXBuildFile; fileRef = 75D7D72F20EB629500BF8268 /* DDTextViewChainModel.m */; };
		75D7D74020EB629500BF8268 /* DDCollectionViewChainModel.m in Sources */ = {isa = PBXBuildFile; fileRef = 75D7D73020EB629500BF8268 /* DDCollectionViewChainModel.m */; };
		75D7D74120EB629500BF8268 /* DDTableViewChainModel.m in Sources */ = {isa = PBXBuildFile; fileRef = 75D7D73120EB629500BF8268 /* DDTableViewChainModel.m */; };
		75D7D74220EB629500BF8268 /* DDTextFieldChainModel.m in Sources */ = {isa = PBXBuildFile; fileRef = 75D7D73520EB629500BF8268 /* DDTextFieldChainModel.m */; };
		75D7D74320EB629500BF8268 /* DDBaseViewChainModel.m in Sources */ = {isa = PBXBuildFile; fileRef = 75D7D73720EB629500BF8268 /* DDBaseViewChainModel.m */; };
		75D7D74420EB629500BF8268 /* DDScrollViewChainModel.m in Sources */ = {isa = PBXBuildFile; fileRef = 75D7D73920EB629500BF8268 /* DDScrollViewChainModel.m */; };
		75D7D74720EB63AA00BF8268 /* UIView+Frame.m in Sources */ = {isa = PBXBuildFile; fileRef = 75D7D74520EB63A900BF8268 /* UIView+Frame.m */; };
/* End PBXBuildFile section */

/* Begin PBXFileReference section */
		75D7D70620EB5B5500BF8268 /* DDChainFlexDemo.app */ = {isa = PBXFileReference; explicitFileType = wrapper.application; includeInIndex = 0; path = DDChainFlexDemo.app; sourceTree = BUILT_PRODUCTS_DIR; };
		75D7D70920EB5B5500BF8268 /* AppDelegate.h */ = {isa = PBXFileReference; lastKnownFileType = sourcecode.c.h; path = AppDelegate.h; sourceTree = "<group>"; };
		75D7D70A20EB5B5500BF8268 /* AppDelegate.m */ = {isa = PBXFileReference; lastKnownFileType = sourcecode.c.objc; path = AppDelegate.m; sourceTree = "<group>"; };
		75D7D70C20EB5B5500BF8268 /* ViewController.h */ = {isa = PBXFileReference; lastKnownFileType = sourcecode.c.h; path = ViewController.h; sourceTree = "<group>"; };
		75D7D70D20EB5B5500BF8268 /* ViewController.m */ = {isa = PBXFileReference; lastKnownFileType = sourcecode.c.objc; path = ViewController.m; sourceTree = "<group>"; };
		75D7D71720EB5B5800BF8268 /* Info.plist */ = {isa = PBXFileReference; lastKnownFileType = text.plist.xml; path = Info.plist; sourceTree = "<group>"; };
		75D7D71820EB5B5800BF8268 /* main.m */ = {isa = PBXFileReference; lastKnownFileType = sourcecode.c.objc; path = main.m; sourceTree = "<group>"; };
		75D7D72020EB5C0F00BF8268 /* Launch.xcassets */ = {isa = PBXFileReference; lastKnownFileType = folder.assetcatalog; path = Launch.xcassets; sourceTree = "<group>"; };
		75D7D72320EB629500BF8268 /* DDTableViewChainModel.h */ = {isa = PBXFileReference; fileEncoding = 4; lastKnownFileType = sourcecode.c.h; path = DDTableViewChainModel.h; sourceTree = "<group>"; };
		75D7D72420EB629500BF8268 /* DDCollectionViewChainModel.h */ = {isa = PBXFileReference; fileEncoding = 4; lastKnownFileType = sourcecode.c.h; path = DDCollectionViewChainModel.h; sourceTree = "<group>"; };
		75D7D72520EB629500BF8268 /* DDChainFlex.h */ = {isa = PBXFileReference; fileEncoding = 4; lastKnownFileType = sourcecode.c.h; path = DDChainFlex.h; sourceTree = "<group>"; };
		75D7D72620EB629500BF8268 /* DDTextViewChainModel.h */ = {isa = PBXFileReference; fileEncoding = 4; lastKnownFileType = sourcecode.c.h; path = DDTextViewChainModel.h; sourceTree = "<group>"; };
		75D7D72720EB629500BF8268 /* DDButtonChainModel.m */ = {isa = PBXFileReference; fileEncoding = 4; lastKnownFileType = sourcecode.c.objc; path = DDButtonChainModel.m; sourceTree = "<group>"; };
		75D7D72820EB629500BF8268 /* DDViewChainModel.m */ = {isa = PBXFileReference; fileEncoding = 4; lastKnownFileType = sourcecode.c.objc; path = DDViewChainModel.m; sourceTree = "<group>"; };
		75D7D72920EB629500BF8268 /* DDBaseViewChainModel.h */ = {isa = PBXFileReference; fileEncoding = 4; lastKnownFileType = sourcecode.c.h; path = DDBaseViewChainModel.h; sourceTree = "<group>"; };
		75D7D72A20EB629500BF8268 /* DDLabelChainModel.m */ = {isa = PBXFileReference; fileEncoding = 4; lastKnownFileType = sourcecode.c.objc; path = DDLabelChainModel.m; sourceTree = "<group>"; };
		75D7D72B20EB629500BF8268 /* DDTextFieldChainModel.h */ = {isa = PBXFileReference; fileEncoding = 4; lastKnownFileType = sourcecode.c.h; path = DDTextFieldChainModel.h; sourceTree = "<group>"; };
		75D7D72C20EB629500BF8268 /* DDSwitchChainModel.m */ = {isa = PBXFileReference; fileEncoding = 4; lastKnownFileType = sourcecode.c.objc; path = DDSwitchChainModel.m; sourceTree = "<group>"; };
		75D7D72D20EB629500BF8268 /* DDImageViewChainModel.m */ = {isa = PBXFileReference; fileEncoding = 4; lastKnownFileType = sourcecode.c.objc; path = DDImageViewChainModel.m; sourceTree = "<group>"; };
		75D7D72E20EB629500BF8268 /* DDScrollViewChainModel.h */ = {isa = PBXFileReference; fileEncoding = 4; lastKnownFileType = sourcecode.c.h; path = DDScrollViewChainModel.h; sourceTree = "<group>"; };
		75D7D72F20EB629500BF8268 /* DDTextViewChainModel.m */ = {isa = PBXFileReference; fileEncoding = 4; lastKnownFileType = sourcecode.c.objc; path = DDTextViewChainModel.m; sourceTree = "<group>"; };
		75D7D73020EB629500BF8268 /* DDCollectionViewChainModel.m */ = {isa = PBXFileReference; fileEncoding = 4; lastKnownFileType = sourcecode.c.objc; path = DDCollectionViewChainModel.m; sourceTree = "<group>"; };
		75D7D73120EB629500BF8268 /* DDTableViewChainModel.m */ = {isa = PBXFileReference; fileEncoding = 4; lastKnownFileType = sourcecode.c.objc; path = DDTableViewChainModel.m; sourceTree = "<group>"; };
		75D7D73220EB629500BF8268 /* DDViewChainModel.h */ = {isa = PBXFileReference; fileEncoding = 4; lastKnownFileType = sourcecode.c.h; path = DDViewChainModel.h; sourceTree = "<group>"; };
		75D7D73320EB629500BF8268 /* DDButtonChainModel.h */ = {isa = PBXFileReference; fileEncoding = 4; lastKnownFileType = sourcecode.c.h; path = DDButtonChainModel.h; sourceTree = "<group>"; };
		75D7D73420EB629500BF8268 /* DDSwitchChainModel.h */ = {isa = PBXFileReference; fileEncoding = 4; lastKnownFileType = sourcecode.c.h; path = DDSwitchChainModel.h; sourceTree = "<group>"; };
		75D7D73520EB629500BF8268 /* DDTextFieldChainModel.m */ = {isa = PBXFileReference; fileEncoding = 4; lastKnownFileType = sourcecode.c.objc; path = DDTextFieldChainModel.m; sourceTree = "<group>"; };
		75D7D73620EB629500BF8268 /* DDLabelChainModel.h */ = {isa = PBXFileReference; fileEncoding = 4; lastKnownFileType = sourcecode.c.h; path = DDLabelChainModel.h; sourceTree = "<group>"; };
		75D7D73720EB629500BF8268 /* DDBaseViewChainModel.m */ = {isa = PBXFileReference; fileEncoding = 4; lastKnownFileType = sourcecode.c.objc; path = DDBaseViewChainModel.m; sourceTree = "<group>"; };
		75D7D73820EB629500BF8268 /* DDImageViewChainModel.h */ = {isa = PBXFileReference; fileEncoding = 4; lastKnownFileType = sourcecode.c.h; path = DDImageViewChainModel.h; sourceTree = "<group>"; };
		75D7D73920EB629500BF8268 /* DDScrollViewChainModel.m */ = {isa = PBXFileReference; fileEncoding = 4; lastKnownFileType = sourcecode.c.objc; path = DDScrollViewChainModel.m; sourceTree = "<group>"; };
		75D7D74520EB63A900BF8268 /* UIView+Frame.m */ = {isa = PBXFileReference; fileEncoding = 4; lastKnownFileType = sourcecode.c.objc; path = "UIView+Frame.m"; sourceTree = "<group>"; };
		75D7D74620EB63AA00BF8268 /* UIView+Frame.h */ = {isa = PBXFileReference; fileEncoding = 4; lastKnownFileType = sourcecode.c.h; path = "UIView+Frame.h"; sourceTree = "<group>"; };
/* End PBXFileReference section */

/* Begin PBXFrameworksBuildPhase section */
		75D7D70320EB5B5500BF8268 /* Frameworks */ = {
			isa = PBXFrameworksBuildPhase;
			buildActionMask = 2147483647;
			files = (
			);
			runOnlyForDeploymentPostprocessing = 0;
		};
/* End PBXFrameworksBuildPhase section */

/* Begin PBXGroup section */
		75D7D6FD20EB5B5500BF8268 = {
			isa = PBXGroup;
			children = (
				75D7D72220EB629500BF8268 /* DDChainFlex */,
				75D7D70820EB5B5500BF8268 /* DDChainFlexDemo */,
				75D7D70720EB5B5500BF8268 /* Products */,
			);
			sourceTree = "<group>";
		};
		75D7D70720EB5B5500BF8268 /* Products */ = {
			isa = PBXGroup;
			children = (
				75D7D70620EB5B5500BF8268 /* DDChainFlexDemo.app */,
			);
			name = Products;
			sourceTree = "<group>";
		};
		75D7D70820EB5B5500BF8268 /* DDChainFlexDemo */ = {
			isa = PBXGroup;
			children = (
				75D7D70920EB5B5500BF8268 /* AppDelegate.h */,
				75D7D70A20EB5B5500BF8268 /* AppDelegate.m */,
				75D7D70C20EB5B5500BF8268 /* ViewController.h */,
				75D7D70D20EB5B5500BF8268 /* ViewController.m */,
				75D7D71720EB5B5800BF8268 /* Info.plist */,
				75D7D71F20EB5B9800BF8268 /* Supporting Files */,
			);
			path = DDChainFlexDemo;
			sourceTree = "<group>";
		};
		75D7D71F20EB5B9800BF8268 /* Supporting Files */ = {
			isa = PBXGroup;
			children = (
				75D7D72020EB5C0F00BF8268 /* Launch.xcassets */,
				75D7D71820EB5B5800BF8268 /* main.m */,
			);
			path = "Supporting Files";
			sourceTree = "<group>";
		};
		75D7D72220EB629500BF8268 /* DDChainFlex */ = {
			isa = PBXGroup;
			children = (
				75D7D72520EB629500BF8268 /* DDChainFlex.h */,
				75D7D74620EB63AA00BF8268 /* UIView+Frame.h */,
				75D7D74520EB63A900BF8268 /* UIView+Frame.m */,
				75D7D72920EB629500BF8268 /* DDBaseViewChainModel.h */,
				75D7D73720EB629500BF8268 /* DDBaseViewChainModel.m */,
				75D7D73220EB629500BF8268 /* DDViewChainModel.h */,
				75D7D72820EB629500BF8268 /* DDViewChainModel.m */,
				75D7D73320EB629500BF8268 /* DDButtonChainModel.h */,
				75D7D72720EB629500BF8268 /* DDButtonChainModel.m */,
				75D7D73620EB629500BF8268 /* DDLabelChainModel.h */,
				75D7D72A20EB629500BF8268 /* DDLabelChainModel.m */,
				75D7D73820EB629500BF8268 /* DDImageViewChainModel.h */,
				75D7D72D20EB629500BF8268 /* DDImageViewChainModel.m */,
				75D7D73520EB629500BF8268 /* DDTextFieldChainModel.m */,
				75D7D72B20EB629500BF8268 /* DDTextFieldChainModel.h */,
				75D7D72620EB629500BF8268 /* DDTextViewChainModel.h */,
				75D7D72F20EB629500BF8268 /* DDTextViewChainModel.m */,
				75D7D73420EB629500BF8268 /* DDSwitchChainModel.h */,
				75D7D72C20EB629500BF8268 /* DDSwitchChainModel.m */,
				75D7D72E20EB629500BF8268 /* DDScrollViewChainModel.h */,
				75D7D73920EB629500BF8268 /* DDScrollViewChainModel.m */,
				75D7D72320EB629500BF8268 /* DDTableViewChainModel.h */,
				75D7D73120EB629500BF8268 /* DDTableViewChainModel.m */,
				75D7D72420EB629500BF8268 /* DDCollectionViewChainModel.h */,
				75D7D73020EB629500BF8268 /* DDCollectionViewChainModel.m */,
			);
			path = DDChainFlex;
			sourceTree = "<group>";
		};
/* End PBXGroup section */

/* Begin PBXNativeTarget section */
		75D7D70520EB5B5500BF8268 /* DDChainFlexDemo */ = {
			isa = PBXNativeTarget;
			buildConfigurationList = 75D7D71C20EB5B5800BF8268 /* Build configuration list for PBXNativeTarget "DDChainFlexDemo" */;
			buildPhases = (
				75D7D70220EB5B5500BF8268 /* Sources */,
				75D7D70320EB5B5500BF8268 /* Frameworks */,
				75D7D70420EB5B5500BF8268 /* Resources */,
			);
			buildRules = (
			);
			dependencies = (
			);
			name = DDChainFlexDemo;
			productName = DDChainFlexDemo;
			productReference = 75D7D70620EB5B5500BF8268 /* DDChainFlexDemo.app */;
			productType = "com.apple.product-type.application";
		};
/* End PBXNativeTarget section */

/* Begin PBXProject section */
		75D7D6FE20EB5B5500BF8268 /* Project object */ = {
			isa = PBXProject;
			attributes = {
				LastUpgradeCheck = 0930;
				ORGANIZATIONNAME = afei;
				TargetAttributes = {
					75D7D70520EB5B5500BF8268 = {
						CreatedOnToolsVersion = 9.3;
					};
				};
			};
			buildConfigurationList = 75D7D70120EB5B5500BF8268 /* Build configuration list for PBXProject "DDChainFlexDemo" */;
			compatibilityVersion = "Xcode 9.3";
			developmentRegion = en;
			hasScannedForEncodings = 0;
			knownRegions = (
				en,
				Base,
			);
			mainGroup = 75D7D6FD20EB5B5500BF8268;
			productRefGroup = 75D7D70720EB5B5500BF8268 /* Products */;
			projectDirPath = "";
			projectRoot = "";
			targets = (
				75D7D70520EB5B5500BF8268 /* DDChainFlexDemo */,
			);
		};
/* End PBXProject section */

/* Begin PBXResourcesBuildPhase section */
		75D7D70420EB5B5500BF8268 /* Resources */ = {
			isa = PBXResourcesBuildPhase;
			buildActionMask = 2147483647;
			files = (
				75D7D72120EB5C0F00BF8268 /* Launch.xcassets in Resources */,
			);
			runOnlyForDeploymentPostprocessing = 0;
		};
/* End PBXResourcesBuildPhase section */

/* Begin PBXSourcesBuildPhase section */
		75D7D70220EB5B5500BF8268 /* Sources */ = {
			isa = PBXSourcesBuildPhase;
			buildActionMask = 2147483647;
			files = (
				75D7D73D20EB629500BF8268 /* DDSwitchChainModel.m in Sources */,
				75D7D70E20EB5B5500BF8268 /* ViewController.m in Sources */,
				75D7D73F20EB629500BF8268 /* DDTextViewChainModel.m in Sources */,
				75D7D74720EB63AA00BF8268 /* UIView+Frame.m in Sources */,
				75D7D74420EB629500BF8268 /* DDScrollViewChainModel.m in Sources */,
				75D7D74220EB629500BF8268 /* DDTextFieldChainModel.m in Sources */,
				75D7D71920EB5B5800BF8268 /* main.m in Sources */,
				75D7D74120EB629500BF8268 /* DDTableViewChainModel.m in Sources */,
				75D7D74020EB629500BF8268 /* DDCollectionViewChainModel.m in Sources */,
				75D7D73C20EB629500BF8268 /* DDLabelChainModel.m in Sources */,
				75D7D73E20EB629500BF8268 /* DDImageViewChainModel.m in Sources */,
				75D7D70B20EB5B5500BF8268 /* AppDelegate.m in Sources */,
				75D7D73B20EB629500BF8268 /* DDViewChainModel.m in Sources */,
				75D7D74320EB629500BF8268 /* DDBaseViewChainModel.m in Sources */,
				75D7D73A20EB629500BF8268 /* DDButtonChainModel.m in Sources */,
			);
			runOnlyForDeploymentPostprocessing = 0;
		};
/* End PBXSourcesBuildPhase section */

/* Begin XCBuildConfiguration section */
		75D7D71A20EB5B5800BF8268 /* Debug */ = {
			isa = XCBuildConfiguration;
			buildSettings = {
				ALWAYS_SEARCH_USER_PATHS = NO;
				CLANG_ANALYZER_NONNULL = YES;
				CLANG_ANALYZER_NUMBER_OBJECT_CONVERSION = YES_AGGRESSIVE;
				CLANG_CXX_LANGUAGE_STANDARD = "gnu++14";
				CLANG_CXX_LIBRARY = "libc++";
				CLANG_ENABLE_MODULES = YES;
				CLANG_ENABLE_OBJC_ARC = YES;
				CLANG_ENABLE_OBJC_WEAK = YES;
				CLANG_WARN_BLOCK_CAPTURE_AUTORELEASING = YES;
				CLANG_WARN_BOOL_CONVERSION = YES;
				CLANG_WARN_COMMA = YES;
				CLANG_WARN_CONSTANT_CONVERSION = YES;
				CLANG_WARN_DEPRECATED_OBJC_IMPLEMENTATIONS = YES;
				CLANG_WARN_DIRECT_OBJC_ISA_USAGE = YES_ERROR;
				CLANG_WARN_DOCUMENTATION_COMMENTS = YES;
				CLANG_WARN_EMPTY_BODY = YES;
				CLANG_WARN_ENUM_CONVERSION = YES;
				CLANG_WARN_INFINITE_RECURSION = YES;
				CLANG_WARN_INT_CONVERSION = YES;
				CLANG_WARN_NON_LITERAL_NULL_CONVERSION = YES;
				CLANG_WARN_OBJC_IMPLICIT_RETAIN_SELF = YES;
				CLANG_WARN_OBJC_LITERAL_CONVERSION = YES;
				CLANG_WARN_OBJC_ROOT_CLASS = YES_ERROR;
				CLANG_WARN_RANGE_LOOP_ANALYSIS = YES;
				CLANG_WARN_STRICT_PROTOTYPES = YES;
				CLANG_WARN_SUSPICIOUS_MOVE = YES;
				CLANG_WARN_UNGUARDED_AVAILABILITY = YES_AGGRESSIVE;
				CLANG_WARN_UNREACHABLE_CODE = YES;
				CLANG_WARN__DUPLICATE_METHOD_MATCH = YES;
				CODE_SIGN_IDENTITY = "iPhone Developer";
				COPY_PHASE_STRIP = NO;
				DEBUG_INFORMATION_FORMAT = dwarf;
				ENABLE_STRICT_OBJC_MSGSEND = YES;
				ENABLE_TESTABILITY = YES;
				GCC_C_LANGUAGE_STANDARD = gnu11;
				GCC_DYNAMIC_NO_PIC = NO;
				GCC_NO_COMMON_BLOCKS = YES;
				GCC_OPTIMIZATION_LEVEL = 0;
				GCC_PREPROCESSOR_DEFINITIONS = (
					"DEBUG=1",
					"$(inherited)",
				);
				GCC_WARN_64_TO_32_BIT_CONVERSION = YES;
				GCC_WARN_ABOUT_RETURN_TYPE = YES_ERROR;
				GCC_WARN_UNDECLARED_SELECTOR = YES;
				GCC_WARN_UNINITIALIZED_AUTOS = YES_AGGRESSIVE;
				GCC_WARN_UNUSED_FUNCTION = YES;
				GCC_WARN_UNUSED_VARIABLE = YES;
				IPHONEOS_DEPLOYMENT_TARGET = 11.3;
				MTL_ENABLE_DEBUG_INFO = YES;
				ONLY_ACTIVE_ARCH = YES;
				SDKROOT = iphoneos;
			};
			name = Debug;
		};
		75D7D71B20EB5B5800BF8268 /* Release */ = {
			isa = XCBuildConfiguration;
			buildSettings = {
				ALWAYS_SEARCH_USER_PATHS = NO;
				CLANG_ANALYZER_NONNULL = YES;
				CLANG_ANALYZER_NUMBER_OBJECT_CONVERSION = YES_AGGRESSIVE;
				CLANG_CXX_LANGUAGE_STANDARD = "gnu++14";
				CLANG_CXX_LIBRARY = "libc++";
				CLANG_ENABLE_MODULES = YES;
				CLANG_ENABLE_OBJC_ARC = YES;
				CLANG_ENABLE_OBJC_WEAK = YES;
				CLANG_WARN_BLOCK_CAPTURE_AUTORELEASING = YES;
				CLANG_WARN_BOOL_CONVERSION = YES;
				CLANG_WARN_COMMA = YES;
				CLANG_WARN_CONSTANT_CONVERSION = YES;
				CLANG_WARN_DEPRECATED_OBJC_IMPLEMENTATIONS = YES;
				CLANG_WARN_DIRECT_OBJC_ISA_USAGE = YES_ERROR;
				CLANG_WARN_DOCUMENTATION_COMMENTS = YES;
				CLANG_WARN_EMPTY_BODY = YES;
				CLANG_WARN_ENUM_CONVERSION = YES;
				CLANG_WARN_INFINITE_RECURSION = YES;
				CLANG_WARN_INT_CONVERSION = YES;
				CLANG_WARN_NON_LITERAL_NULL_CONVERSION = YES;
				CLANG_WARN_OBJC_IMPLICIT_RETAIN_SELF = YES;
				CLANG_WARN_OBJC_LITERAL_CONVERSION = YES;
				CLANG_WARN_OBJC_ROOT_CLASS = YES_ERROR;
				CLANG_WARN_RANGE_LOOP_ANALYSIS = YES;
				CLANG_WARN_STRICT_PROTOTYPES = YES;
				CLANG_WARN_SUSPICIOUS_MOVE = YES;
				CLANG_WARN_UNGUARDED_AVAILABILITY = YES_AGGRESSIVE;
				CLANG_WARN_UNREACHABLE_CODE = YES;
				CLANG_WARN__DUPLICATE_METHOD_MATCH = YES;
				CODE_SIGN_IDENTITY = "iPhone Developer";
				COPY_PHASE_STRIP = NO;
				DEBUG_INFORMATION_FORMAT = "dwarf-with-dsym";
				ENABLE_NS_ASSERTIONS = NO;
				ENABLE_STRICT_OBJC_MSGSEND = YES;
				GCC_C_LANGUAGE_STANDARD = gnu11;
				GCC_NO_COMMON_BLOCKS = YES;
				GCC_WARN_64_TO_32_BIT_CONVERSION = YES;
				GCC_WARN_ABOUT_RETURN_TYPE = YES_ERROR;
				GCC_WARN_UNDECLARED_SELECTOR = YES;
				GCC_WARN_UNINITIALIZED_AUTOS = YES_AGGRESSIVE;
				GCC_WARN_UNUSED_FUNCTION = YES;
				GCC_WARN_UNUSED_VARIABLE = YES;
				IPHONEOS_DEPLOYMENT_TARGET = 11.3;
				MTL_ENABLE_DEBUG_INFO = NO;
				SDKROOT = iphoneos;
				VALIDATE_PRODUCT = YES;
			};
			name = Release;
		};
		75D7D71D20EB5B5800BF8268 /* Debug */ = {
			isa = XCBuildConfiguration;
			buildSettings = {
				ASSETCATALOG_COMPILER_APPICON_NAME = AppIcon;
				ASSETCATALOG_COMPILER_LAUNCHIMAGE_NAME = LaunchImage;
				CODE_SIGN_STYLE = Automatic;
				DEVELOPMENT_TEAM = MACH8T37HL;
				INFOPLIST_FILE = DDChainFlexDemo/Info.plist;
				IPHONEOS_DEPLOYMENT_TARGET = 8.0;
				LD_RUNPATH_SEARCH_PATHS = (
					"$(inherited)",
					"@executable_path/Frameworks",
				);
				PRODUCT_BUNDLE_IDENTIFIER = com.afei.DDChainFlexDemo;
				PRODUCT_NAME = "$(TARGET_NAME)";
				TARGETED_DEVICE_FAMILY = "1,2";
			};
			name = Debug;
		};
		75D7D71E20EB5B5800BF8268 /* Release */ = {
			isa = XCBuildConfiguration;
			buildSettings = {
				ASSETCATALOG_COMPILER_APPICON_NAME = AppIcon;
				ASSETCATALOG_COMPILER_LAUNCHIMAGE_NAME = LaunchImage;
				CODE_SIGN_STYLE = Automatic;
				DEVELOPMENT_TEAM = MACH8T37HL;
				INFOPLIST_FILE = DDChainFlexDemo/Info.plist;
				IPHONEOS_DEPLOYMENT_TARGET = 8.0;
				LD_RUNPATH_SEARCH_PATHS = (
					"$(inherited)",
					"@executable_path/Frameworks",
				);
				PRODUCT_BUNDLE_IDENTIFIER = com.afei.DDChainFlexDemo;
				PRODUCT_NAME = "$(TARGET_NAME)";
				TARGETED_DEVICE_FAMILY = "1,2";
			};
			name = Release;
		};
/* End XCBuildConfiguration section */

/* Begin XCConfigurationList section */
		75D7D70120EB5B5500BF8268 /* Build configuration list for PBXProject "DDChainFlexDemo" */ = {
			isa = XCConfigurationList;
			buildConfigurations = (
				75D7D71A20EB5B5800BF8268 /* Debug */,
				75D7D71B20EB5B5800BF8268 /* Release */,
			);
			defaultConfigurationIsVisible = 0;
			defaultConfigurationName = Release;
		};
		75D7D71C20EB5B5800BF8268 /* Build configuration list for PBXNativeTarget "DDChainFlexDemo" */ = {
			isa = XCConfigurationList;
			buildConfigurations = (
				75D7D71D20EB5B5800BF8268 /* Debug */,
				75D7D71E20EB5B5800BF8268 /* Release */,
			);
			defaultConfigurationIsVisible = 0;
			defaultConfigurationName = Release;
		};
/* End XCConfigurationList section */
	};
	rootObject = 75D7D6FE20EB5B5500BF8268 /* Project object */;
}
